
Microsoft Visual Studio Solution File, Format Version 12.00
# Visual Studio Version 17
VisualStudioVersion = 17.8.34330.188
MinimumVisualStudioVersion = 10.0.40219.1
Project("{FAE04EC0-301F-11D3-BF4B-00C04F79EFBC}") = "OsepMVC", "OsepMVC\OsepMVC.csproj", "{6FAD22E9-0182-44D9-BC16-970EE9B0985C}"
EndProject
Global
	GlobalSection(SolutionConfigurationPlatforms) = preSolution
		Debug|Any CPU = Debug|Any CPU
		Release|Any CPU = Release|Any CPU
	EndGlobalSection
	GlobalSection(ProjectConfigurationPlatforms) = postSolution
		{6FAD22E9-0182-44D9-BC16-970EE9B0985C}.Debug|Any CPU.ActiveCfg = Debug|Any CPU
		{6FAD22E9-0182-44D9-BC16-970EE9B0985C}.Debug|Any CPU.Build.0 = Debug|Any CPU
		{6FAD22E9-0182-44D9-BC16-970EE9B0985C}.Release|Any CPU.ActiveCfg = Release|Any CPU
		{6FAD22E9-0182-44D9-BC16-970EE9B0985C}.Release|Any CPU.Build.0 = Release|Any CPU
	EndGlobalSection
	GlobalSection(SolutionProperties) = preSolution
		HideSolutionNode = FALSE
	EndGlobalSection
	GlobalSection(ExtensibilityGlobals) = postSolution
		SolutionGuid = {3DDCF2C5-1EA0-4068-B517-CEBC19CCC4CD}
	EndGlobalSection
EndGlobal
